<?xml version="1.0" encoding="utf-8"?>
<Project ToolsVersion="4.0" xmlns="http://schemas.microsoft.com/developer/msbuild/2003">
  <ItemGroup>
    <FxCompile Include="PS.hlsl">
      <Filter>쉐이더</Filter>
    </FxCompile>
    <FxCompile Include="VS.hlsl">
      <Filter>쉐이더</Filter>
    </FxCompile>
  </ItemGroup>
  <ItemGroup>
    <ClCompile Include="..\Bin\include\imgui\imgui.cpp">
      <Filter>ImGui</Filter>
    </ClCompile>
    <ClCompile Include="..\Bin\include\imgui\imgui_demo.cpp">
      <Filter>ImGui</Filter>
    </ClCompile>
    <ClCompile Include="..\Bin\include\imgui\imgui_draw.cpp">
      <Filter>ImGui</Filter>
    </ClCompile>
    <ClCompile Include="..\Bin\include\imgui\imgui_impl_dx11.cpp">
      <Filter>ImGui</Filter>
    </ClCompile>
    <ClCompile Include="..\Bin\include\imgui\imgui_impl_win32.cpp">
      <Filter>ImGui</Filter>
    </ClCompile>
    <ClCompile Include="..\Bin\include\imgui\imgui_tables.cpp">
      <Filter>ImGui</Filter>
    </ClCompile>
    <ClCompile Include="..\Bin\include\imgui\imgui_widgets.cpp">
      <Filter>ImGui</Filter>
    </ClCompile>
    <ClCompile Include="main.cpp">
      <Filter>소스 파일</Filter>
    </ClCompile>
    <ClCompile Include="MapToolWinApp.cpp">
      <Filter>소스 파일</Filter>
    </ClCompile>
    <ClCompile Include="SoulBeaterProcessor.cpp">
      <Filter>Gui</Filter>
    </ClCompile>
    <ClCompile Include="gui.cpp">
      <Filter>Gui</Filter>
    </ClCompile>
    <ClCompile Include="..\Bin\include\imgui\imgui_impl_dx9.cpp">
      <Filter>ImGui</Filter>
    </ClCompile>
  </ItemGroup>
  <ItemGroup>
    <ClInclude Include="..\Bin\include\imgui\imstb_truetype.h">
      <Filter>ImGui</Filter>
    </ClInclude>
    <ClInclude Include="..\Bin\include\imgui\imconfig.h">
      <Filter>ImGui</Filter>
    </ClInclude>
    <ClInclude Include="..\Bin\include\imgui\imgui.h">
      <Filter>ImGui</Filter>
    </ClInclude>
    <ClInclude Include="..\Bin\include\imgui\imgui_impl_dx11.h">
      <Filter>ImGui</Filter>
    </ClInclude>
    <ClInclude Include="..\Bin\include\imgui\imgui_impl_win32.h">
      <Filter>ImGui</Filter>
    </ClInclude>
    <ClInclude Include="..\Bin\include\imgui\imgui_internal.h">
      <Filter>ImGui</Filter>
    </ClInclude>
    <ClInclude Include="..\Bin\include\imgui\imstb_rectpack.h">
      <Filter>ImGui</Filter>
    </ClInclude>
    <ClInclude Include="..\Bin\include\imgui\imstb_textedit.h">
      <Filter>ImGui</Filter>
    </ClInclude>
    <ClInclude Include="defalut.h">
      <Filter>헤더 파일</Filter>
    </ClInclude>
    <ClInclude Include="MapToolWinApp.h">
      <Filter>헤더 파일</Filter>
    </ClInclude>
    <ClInclude Include="SoulBeaterProcessor.h">
      <Filter>Gui</Filter>
    </ClInclude>
    <ClInclude Include="gui.h">
      <Filter>Gui</Filter>
    </ClInclude>
    <ClInclude Include="..\Bin\include\imgui\imgui_impl_dx9.h">
      <Filter>ImGui</Filter>
    </ClInclude>
  </ItemGroup>
  <ItemGroup>
    <Filter Include="ImGui">
      <UniqueIdentifier>{9793a36f-c25e-46a0-a4dd-37e906d9d04b}</UniqueIdentifier>
    </Filter>
    <Filter Include="헤더 파일">
      <UniqueIdentifier>{ded0c147-642b-4ef4-b7d9-a709088bbfd3}</UniqueIdentifier>
    </Filter>
    <Filter Include="소스 파일">
      <UniqueIdentifier>{fdfe7325-ed4a-45d6-9b5f-44c434a6ca97}</UniqueIdentifier>
    </Filter>
    <Filter Include="쉐이더">
      <UniqueIdentifier>{8cd1d7c4-1da0-461a-ae54-f7ee84b34e23}</UniqueIdentifier>
    </Filter>
    <Filter Include="Gui">
      <UniqueIdentifier>{536f56c0-c46e-4131-ac14-ecf9b8681b30}</UniqueIdentifier>
    </Filter>
  </ItemGroup>
  <ItemGroup>
    <None Include="..\Bin\include\imgui\imgui.ini">
      <Filter>ImGui</Filter>
    </None>
  </ItemGroup>
</Project>